
Microsoft Visual Studio Solution File, Format Version 12.00
# Visual Studio Version 16
VisualStudioVersion = 16.0.30523.141
MinimumVisualStudioVersion = 10.0.40219.1
Project("{FAE04EC0-301F-11D3-BF4B-00C04F79EFBC}") = "ConsoleApp4", "ConsoleApp4\ConsoleApp4.csproj", "{316D9141-DB62-4193-859F-7F750718E739}"
EndProject
Global
	GlobalSection(SolutionConfigurationPlatforms) = preSolution
		Debug|Any CPU = Debug|Any CPU
		Release|Any CPU = Release|Any CPU
	EndGlobalSection
	GlobalSection(ProjectConfigurationPlatforms) = postSolution
		{316D9141-DB62-4193-859F-7F750718E739}.Debug|Any CPU.ActiveCfg = Debug|Any CPU
		{316D9141-DB62-4193-859F-7F750718E739}.Debug|Any CPU.Build.0 = Debug|Any CPU
		{316D9141-DB62-4193-859F-7F750718E739}.Release|Any CPU.ActiveCfg = Release|Any CPU
		{316D9141-DB62-4193-859F-7F750718E739}.Release|Any CPU.Build.0 = Release|Any CPU
	EndGlobalSection
	GlobalSection(SolutionProperties) = preSolution
		HideSolutionNode = FALSE
	EndGlobalSection
	GlobalSection(ExtensibilityGlobals) = postSolution
		SolutionGuid = {6F053322-5D1A-40E2-A086-558D3AA86B47}
	EndGlobalSection
EndGlobal
